
Microsoft Visual Studio Solution File, Format Version 12.00
# Visual Studio Version 16
VisualStudioVersion = 16.0.30907.101
MinimumVisualStudioVersion = 10.0.40219.1
Project("{9A19103F-16F7-4668-BE54-9A1E7A4F7556}") = "ExaminationRooms.Web", "ExaminationRooms.Web\ExaminationRooms.Web.csproj", "{F322543E-B9D4-4FDA-AEFC-5E868BD4256A}"
EndProject
Project("{9A19103F-16F7-4668-BE54-9A1E7A4F7556}") = "ExaminationRooms.Domain", "ExaminationRooms.Domain\ExaminationRooms.Domain.csproj", "{35052208-2818-4249-8A89-8740A0299FFF}"
EndProject
Project("{9A19103F-16F7-4668-BE54-9A1E7A4F7556}") = "ExaminationRooms.Infrastructure", "ExaminationRooms.Infrastructure\ExaminationRooms.Infrastructure.csproj", "{8075C68B-AA51-43BD-80F5-D9113591C559}"
EndProject
Global
	GlobalSection(SolutionConfigurationPlatforms) = preSolution
		Debug|Any CPU = Debug|Any CPU
		Release|Any CPU = Release|Any CPU
	EndGlobalSection
	GlobalSection(ProjectConfigurationPlatforms) = postSolution
		{F322543E-B9D4-4FDA-AEFC-5E868BD4256A}.Debug|Any CPU.ActiveCfg = Debug|Any CPU
		{F322543E-B9D4-4FDA-AEFC-5E868BD4256A}.Debug|Any CPU.Build.0 = Debug|Any CPU
		{F322543E-B9D4-4FDA-AEFC-5E868BD4256A}.Release|Any CPU.ActiveCfg = Release|Any CPU
		{F322543E-B9D4-4FDA-AEFC-5E868BD4256A}.Release|Any CPU.Build.0 = Release|Any CPU
		{35052208-2818-4249-8A89-8740A0299FFF}.Debug|Any CPU.ActiveCfg = Debug|Any CPU
		{35052208-2818-4249-8A89-8740A0299FFF}.Debug|Any CPU.Build.0 = Debug|Any CPU
		{35052208-2818-4249-8A89-8740A0299FFF}.Release|Any CPU.ActiveCfg = Release|Any CPU
		{35052208-2818-4249-8A89-8740A0299FFF}.Release|Any CPU.Build.0 = Release|Any CPU
		{8075C68B-AA51-43BD-80F5-D9113591C559}.Debug|Any CPU.ActiveCfg = Debug|Any CPU
		{8075C68B-AA51-43BD-80F5-D9113591C559}.Debug|Any CPU.Build.0 = Debug|Any CPU
		{8075C68B-AA51-43BD-80F5-D9113591C559}.Release|Any CPU.ActiveCfg = Release|Any CPU
		{8075C68B-AA51-43BD-80F5-D9113591C559}.Release|Any CPU.Build.0 = Release|Any CPU
	EndGlobalSection
	GlobalSection(SolutionProperties) = preSolution
		HideSolutionNode = FALSE
	EndGlobalSection
	GlobalSection(ExtensibilityGlobals) = postSolution
		SolutionGuid = {F5174853-8836-42CF-9F78-82A153BF14F3}
	EndGlobalSection
EndGlobal
